// !$*UTF8*$!
{
	archiveVersion = 1;
	classes = {
	};
	objectVersion = 46;
	objects = {

/* Begin PBXBuildFile section */
		4D5AC0EF1ACBD33400684D0A /* decorative_border.png in Resources */ = {isa = PBXBuildFile; fileRef = 4D5AC0EE1ACBD33400684D0A /* decorative_border.png */; };
		4D5AC0F11ACBD45500684D0A /* srButton.png in Resources */ = {isa = PBXBuildFile; fileRef = 4D5AC0F01ACBD45500684D0A /* srButton.png */; };
		4DB13FA61ABA98E100917375 /* main.m in Sources */ = {isa = PBXBuildFile; fileRef = 4DB13FA51ABA98E100917375 /* main.m */; };
		4DB13FA91ABA98E100917375 /* AppDelegate.m in Sources */ = {isa = PBXBuildFile; fileRef = 4DB13FA81ABA98E100917375 /* AppDelegate.m */; };
		4DB13FAF1ABA98E100917375 /* Main.storyboard in Resources */ = {isa = PBXBuildFile; fileRef = 4DB13FAD1ABA98E100917375 /* Main.storyboard */; };
		4DB13FB11ABA98E100917375 /* Images.xcassets in Resources */ = {isa = PBXBuildFile; fileRef = 4DB13FB01ABA98E100917375 /* Images.xcassets */; };
		4DB13FB41ABA98E100917375 /* LaunchScreen.xib in Resources */ = {isa = PBXBuildFile; fileRef = 4DB13FB21ABA98E100917375 /* LaunchScreen.xib */; };
		4DB13FC01ABA98E100917375 /* myApifilmsTests.m in Sources */ = {isa = PBXBuildFile; fileRef = 4DB13FBF1ABA98E100917375 /* myApifilmsTests.m */; };
		4DB13FD21ABB5B6E00917375 /* myapiViewController.m in Sources */ = {isa = PBXBuildFile; fileRef = 4DB13FD01ABB5B6E00917375 /* myapiViewController.m */; };
		4DB13FD31ABB5B6E00917375 /* myapiViewController.xib in Resources */ = {isa = PBXBuildFile; fileRef = 4DB13FD11ABB5B6E00917375 /* myapiViewController.xib */; };
/* End PBXBuildFile section */

/* Begin PBXContainerItemProxy section */
		4DB13FBA1ABA98E100917375 /* PBXContainerItemProxy */ = {
			isa = PBXContainerItemProxy;
			containerPortal = 4DB13F981ABA98E100917375 /* Project object */;
			proxyType = 1;
			remoteGlobalIDString = 4DB13F9F1ABA98E100917375;
			remoteInfo = myApifilms;
		};
/* End PBXContainerItemProxy section */

/* Begin PBXFileReference section */
		4D5AC0EE1ACBD33400684D0A /* decorative_border.png */ = {isa = PBXFileReference; lastKnownFileType = image.png; path = decorative_border.png; sourceTree = "<group>"; };
		4D5AC0F01ACBD45500684D0A /* srButton.png */ = {isa = PBXFileReference; lastKnownFileType = image.png; path = srButton.png; sourceTree = "<group>"; };
		4DB13FA01ABA98E100917375 /* myApifilms.app */ = {isa = PBXFileReference; explicitFileType = wrapper.application; includeInIndex = 0; path = myApifilms.app; sourceTree = BUILT_PRODUCTS_DIR; };
		4DB13FA41ABA98E100917375 /* Info.plist */ = {isa = PBXFileReference; lastKnownFileType = text.plist.xml; path = Info.plist; sourceTree = "<group>"; };
		4DB13FA51ABA98E100917375 /* main.m */ = {isa = PBXFileReference; lastKnownFileType = sourcecode.c.objc; path = main.m; sourceTree = "<group>"; };
		4DB13FA71ABA98E100917375 /* AppDelegate.h */ = {isa = PBXFileReference; lastKnownFileType = sourcecode.c.h; path = AppDelegate.h; sourceTree = "<group>"; };
		4DB13FA81ABA98E100917375 /* AppDelegate.m */ = {isa = PBXFileReference; lastKnownFileType = sourcecode.c.objc; path = AppDelegate.m; sourceTree = "<group>"; };
		4DB13FAE1ABA98E100917375 /* Base */ = {isa = PBXFileReference; lastKnownFileType = file.storyboard; name = Base; path = Base.lproj/Main.storyboard; sourceTree = "<group>"; };
		4DB13FB01ABA98E100917375 /* Images.xcassets */ = {isa = PBXFileReference; lastKnownFileType = folder.assetcatalog; path = Images.xcassets; sourceTree = "<group>"; };
		4DB13FB31ABA98E100917375 /* Base */ = {isa = PBXFileReference; lastKnownFileType = file.xib; name = Base; path = Base.lproj/LaunchScreen.xib; sourceTree = "<group>"; };
		4DB13FB91ABA98E100917375 /* myApifilmsTests.xctest */ = {isa = PBXFileReference; explicitFileType = wrapper.cfbundle; includeInIndex = 0; path = myApifilmsTests.xctest; sourceTree = BUILT_PRODUCTS_DIR; };
		4DB13FBE1ABA98E100917375 /* Info.plist */ = {isa = PBXFileReference; lastKnownFileType = text.plist.xml; path = Info.plist; sourceTree = "<group>"; };
		4DB13FBF1ABA98E100917375 /* myApifilmsTests.m */ = {isa = PBXFileReference; lastKnownFileType = sourcecode.c.objc; path = myApifilmsTests.m; sourceTree = "<group>"; };
		4DB13FCF1ABB5B6E00917375 /* myapiViewController.h */ = {isa = PBXFileReference; fileEncoding = 4; lastKnownFileType = sourcecode.c.h; path = myapiViewController.h; sourceTree = "<group>"; };
		4DB13FD01ABB5B6E00917375 /* myapiViewController.m */ = {isa = PBXFileReference; fileEncoding = 4; lastKnownFileType = sourcecode.c.objc; path = myapiViewController.m; sourceTree = "<group>"; };
		4DB13FD11ABB5B6E00917375 /* myapiViewController.xib */ = {isa = PBXFileReference; fileEncoding = 4; lastKnownFileType = file.xib; path = myapiViewController.xib; sourceTree = "<group>"; };
/* End PBXFileReference section */

/* Begin PBXFrameworksBuildPhase section */
		4DB13F9D1ABA98E100917375 /* Frameworks */ = {
			isa = PBXFrameworksBuildPhase;
			buildActionMask = 2147483647;
			files = (
			);
			runOnlyForDeploymentPostprocessing = 0;
		};
		4DB13FB61ABA98E100917375 /* Frameworks */ = {
			isa = PBXFrameworksBuildPhase;
			buildActionMask = 2147483647;
			files = (
			);
			runOnlyForDeploymentPostprocessing = 0;
		};
/* End PBXFrameworksBuildPhase section */

/* Begin PBXGroup section */
		4DB13F971ABA98E100917375 = {
			isa = PBXGroup;
			children = (
				4DB13FA21ABA98E100917375 /* myApifilms */,
				4DB13FBC1ABA98E100917375 /* myApifilmsTests */,
				4DB13FA11ABA98E100917375 /* Products */,
			);
			sourceTree = "<group>";
		};
		4DB13FA11ABA98E100917375 /* Products */ = {
			isa = PBXGroup;
			children = (
				4DB13FA01ABA98E100917375 /* myApifilms.app */,
				4DB13FB91ABA98E100917375 /* myApifilmsTests.xctest */,
			);
			name = Products;
			sourceTree = "<group>";
		};
		4DB13FA21ABA98E100917375 /* myApifilms */ = {
			isa = PBXGroup;
			children = (
				4DB13FA71ABA98E100917375 /* AppDelegate.h */,
				4DB13FA81ABA98E100917375 /* AppDelegate.m */,
				4DB13FCF1ABB5B6E00917375 /* myapiViewController.h */,
				4DB13FD01ABB5B6E00917375 /* myapiViewController.m */,
				4DB13FD11ABB5B6E00917375 /* myapiViewController.xib */,
				4DB13FAD1ABA98E100917375 /* Main.storyboard */,
				4D5AC0F01ACBD45500684D0A /* srButton.png */,
				4D5AC0EE1ACBD33400684D0A /* decorative_border.png */,
				4DB13FB01ABA98E100917375 /* Images.xcassets */,
				4DB13FB21ABA98E100917375 /* LaunchScreen.xib */,
				4DB13FA31ABA98E100917375 /* Supporting Files */,
			);
			path = myApifilms;
			sourceTree = "<group>";
		};
		4DB13FA31ABA98E100917375 /* Supporting Files */ = {
			isa = PBXGroup;
			children = (
				4DB13FA41ABA98E100917375 /* Info.plist */,
				4DB13FA51ABA98E100917375 /* main.m */,
			);
			name = "Supporting Files";
			sourceTree = "<group>";
		};
		4DB13FBC1ABA98E100917375 /* myApifilmsTests */ = {
			isa = PBXGroup;
			children = (
				4DB13FBF1ABA98E100917375 /* myApifilmsTests.m */,
				4DB13FBD1ABA98E100917375 /* Supporting Files */,
			);
			path = myApifilmsTests;
			sourceTree = "<group>";
		};
		4DB13FBD1ABA98E100917375 /* Supporting Files */ = {
			isa = PBXGroup;
			children = (
				4DB13FBE1ABA98E100917375 /* Info.plist */,
			);
			name = "Supporting Files";
			sourceTree = "<group>";
		};
/* End PBXGroup section */

/* Begin PBXNativeTarget section */
		4DB13F9F1ABA98E100917375 /* myApifilms */ = {
			isa = PBXNativeTarget;
			buildConfigurationList = 4DB13FC31ABA98E100917375 /* Build configuration list for PBXNativeTarget "myApifilms" */;
			buildPhases = (
				4DB13F9C1ABA98E100917375 /* Sources */,
				4DB13F9D1ABA98E100917375 /* Frameworks */,
				4DB13F9E1ABA98E100917375 /* Resources */,
			);
			buildRules = (
			);
			dependencies = (
			);
			name = myApifilms;
			productName = myApifilms;
			productReference = 4DB13FA01ABA98E100917375 /* myApifilms.app */;
			productType = "com.apple.product-type.application";
		};
		4DB13FB81ABA98E100917375 /* myApifilmsTests */ = {
			isa = PBXNativeTarget;
			buildConfigurationList = 4DB13FC61ABA98E100917375 /* Build configuration list for PBXNativeTarget "myApifilmsTests" */;
			buildPhases = (
				4DB13FB51ABA98E100917375 /* Sources */,
				4DB13FB61ABA98E100917375 /* Frameworks */,
				4DB13FB71ABA98E100917375 /* Resources */,
			);
			buildRules = (
			);
			dependencies = (
				4DB13FBB1ABA98E100917375 /* PBXTargetDependency */,
			);
			name = myApifilmsTests;
			productName = myApifilmsTests;
			productReference = 4DB13FB91ABA98E100917375 /* myApifilmsTests.xctest */;
			productType = "com.apple.product-type.bundle.unit-test";
		};
/* End PBXNativeTarget section */

/* Begin PBXProject section */
		4DB13F981ABA98E100917375 /* Project object */ = {
			isa = PBXProject;
			attributes = {
				LastUpgradeCheck = 0610;
				ORGANIZATIONNAME = Riyaz;
				TargetAttributes = {
					4DB13F9F1ABA98E100917375 = {
						CreatedOnToolsVersion = 6.1.1;
					};
					4DB13FB81ABA98E100917375 = {
						CreatedOnToolsVersion = 6.1.1;
						TestTargetID = 4DB13F9F1ABA98E100917375;
					};
				};
			};
			buildConfigurationList = 4DB13F9B1ABA98E100917375 /* Build configuration list for PBXProject "myApifilms" */;
			compatibilityVersion = "Xcode 3.2";
			developmentRegion = English;
			hasScannedForEncodings = 0;
			knownRegions = (
				en,
				Base,
			);
			mainGroup = 4DB13F971ABA98E100917375;
			productRefGroup = 4DB13FA11ABA98E100917375 /* Products */;
			projectDirPath = "";
			projectRoot = "";
			targets = (
				4DB13F9F1ABA98E100917375 /* myApifilms */,
				4DB13FB81ABA98E100917375 /* myApifilmsTests */,
			);
		};
/* End PBXProject section */

/* Begin PBXResourcesBuildPhase section */
		4DB13F9E1ABA98E100917375 /* Resources */ = {
			isa = PBXResourcesBuildPhase;
			buildActionMask = 2147483647;
			files = (
				4D5AC0F11ACBD45500684D0A /* srButton.png in Resources */,
				4DB13FAF1ABA98E100917375 /* Main.storyboard in Resources */,
				4DB13FB41ABA98E100917375 /* LaunchScreen.xib in Resources */,
				4DB13FB11ABA98E100917375 /* Images.xcassets in Resources */,
				4D5AC0EF1ACBD33400684D0A /* decorative_border.png in Resources */,
				4DB13FD31ABB5B6E00917375 /* myapiViewController.xib in Resources */,
			);
			runOnlyForDeploymentPostprocessing = 0;
		};
		4DB13FB71ABA98E100917375 /* Resources */ = {
			isa = PBXResourcesBuildPhase;
			buildActionMask = 2147483647;
			files = (
			);
			runOnlyForDeploymentPostprocessing = 0;
		};
/* End PBXResourcesBuildPhase section */

/* Begin PBXSourcesBuildPhase section */
		4DB13F9C1ABA98E100917375 /* Sources */ = {
			isa = PBXSourcesBuildPhase;
			buildActionMask = 2147483647;
			files = (
				4DB13FA91ABA98E100917375 /* AppDelegate.m in Sources */,
				4DB13FA61ABA98E100917375 /* main.m in Sources */,
				4DB13FD21ABB5B6E00917375 /* myapiViewController.m in Sources */,
			);
			runOnlyForDeploymentPostprocessing = 0;
		};
		4DB13FB51ABA98E100917375 /* Sources */ = {
			isa = PBXSourcesBuildPhase;
			buildActionMask = 2147483647;
			files = (
				4DB13FC01ABA98E100917375 /* myApifilmsTests.m in Sources */,
			);
			runOnlyForDeploymentPostprocessing = 0;
		};
/* End PBXSourcesBuildPhase section */

/* Begin PBXTargetDependency section */
		4DB13FBB1ABA98E100917375 /* PBXTargetDependency */ = {
			isa = PBXTargetDependency;
			target = 4DB13F9F1ABA98E100917375 /* myApifilms */;
			targetProxy = 4DB13FBA1ABA98E100917375 /* PBXContainerItemProxy */;
		};
/* End PBXTargetDependency section */

/* Begin PBXVariantGroup section */
		4DB13FAD1ABA98E100917375 /* Main.storyboard */ = {
			isa = PBXVariantGroup;
			children = (
				4DB13FAE1ABA98E100917375 /* Base */,
			);
			name = Main.storyboard;
			sourceTree = "<group>";
		};
		4DB13FB21ABA98E100917375 /* LaunchScreen.xib */ = {
			isa = PBXVariantGroup;
			children = (
				4DB13FB31ABA98E100917375 /* Base */,
			);
			name = LaunchScreen.xib;
			sourceTree = "<group>";
		};
/* End PBXVariantGroup section */

/* Begin XCBuildConfiguration section */
		4DB13FC11ABA98E100917375 /* Debug */ = {
			isa = XCBuildConfiguration;
			buildSettings = {
				ALWAYS_SEARCH_USER_PATHS = NO;
				CLANG_CXX_LANGUAGE_STANDARD = "gnu++0x";
				CLANG_CXX_LIBRARY = "libc++";
				CLANG_ENABLE_MODULES = YES;
				CLANG_ENABLE_OBJC_ARC = YES;
				CLANG_WARN_BOOL_CONVERSION = YES;
				CLANG_WARN_CONSTANT_CONVERSION = YES;
				CLANG_WARN_DIRECT_OBJC_ISA_USAGE = YES_ERROR;
				CLANG_WARN_EMPTY_BODY = YES;
				CLANG_WARN_ENUM_CONVERSION = YES;
				CLANG_WARN_INT_CONVERSION = YES;
				CLANG_WARN_OBJC_ROOT_CLASS = YES_ERROR;
				CLANG_WARN_UNREACHABLE_CODE = YES;
				CLANG_WARN__DUPLICATE_METHOD_MATCH = YES;
				"CODE_SIGN_IDENTITY[sdk=iphoneos*]" = "iPhone Developer";
				COPY_PHASE_STRIP = NO;
				ENABLE_STRICT_OBJC_MSGSEND = YES;
				GCC_C_LANGUAGE_STANDARD = gnu99;
				GCC_DYNAMIC_NO_PIC = NO;
				GCC_OPTIMIZATION_LEVEL = 0;
				GCC_PREPROCESSOR_DEFINITIONS = (
					"DEBUG=1",
					"$(inherited)",
				);
				GCC_SYMBOLS_PRIVATE_EXTERN = NO;
				GCC_WARN_64_TO_32_BIT_CONVERSION = YES;
				GCC_WARN_ABOUT_RETURN_TYPE = YES_ERROR;
				GCC_WARN_UNDECLARED_SELECTOR = YES;
				GCC_WARN_UNINITIALIZED_AUTOS = YES_AGGRESSIVE;
				GCC_WARN_UNUSED_FUNCTION = YES;
				GCC_WARN_UNUSED_VARIABLE = YES;
				IPHONEOS_DEPLOYMENT_TARGET = 8.1;
				MTL_ENABLE_DEBUG_INFO = YES;
				ONLY_ACTIVE_ARCH = YES;
				SDKROOT = iphoneos;
				TARGETED_DEVICE_FAMILY = "1,2";
			};
			name = Debug;
		};
		4DB13FC21ABA98E100917375 /* Release */ = {
			isa = XCBuildConfiguration;
			buildSettings = {
				ALWAYS_SEARCH_USER_PATHS = NO;
				CLANG_CXX_LANGUAGE_STANDARD = "gnu++0x";
				CLANG_CXX_LIBRARY = "libc++";
				CLANG_ENABLE_MODULES = YES;
				CLANG_ENABLE_OBJC_ARC = YES;
				CLANG_WARN_BOOL_CONVERSION = YES;
				CLANG_WARN_CONSTANT_CONVERSION = YES;
				CLANG_WARN_DIRECT_OBJC_ISA_USAGE = YES_ERROR;
				CLANG_WARN_EMPTY_BODY = YES;
				CLANG_WARN_ENUM_CONVERSION = YES;
				CLANG_WARN_INT_CONVERSION = YES;
				CLANG_WARN_OBJC_ROOT_CLASS = YES_ERROR;
				CLANG_WARN_UNREACHABLE_CODE = YES;
				CLANG_WARN__DUPLICATE_METHOD_MATCH = YES;
				"CODE_SIGN_IDENTITY[sdk=iphoneos*]" = "iPhone Developer";
				COPY_PHASE_STRIP = YES;
				ENABLE_NS_ASSERTIONS = NO;
				ENABLE_STRICT_OBJC_MSGSEND = YES;
				GCC_C_LANGUAGE_STANDARD = gnu99;
				GCC_WARN_64_TO_32_BIT_CONVERSION = YES;
				GCC_WARN_ABOUT_RETURN_TYPE = YES_ERROR;
				GCC_WARN_UNDECLARED_SELECTOR = YES;
				GCC_WARN_UNINITIALIZED_AUTOS = YES_AGGRESSIVE;
				GCC_WARN_UNUSED_FUNCTION = YES;
				GCC_WARN_UNUSED_VARIABLE = YES;
				IPHONEOS_DEPLOYMENT_TARGET = 8.1;
				MTL_ENABLE_DEBUG_INFO = NO;
				SDKROOT = iphoneos;
				TARGETED_DEVICE_FAMILY = "1,2";
				VALIDATE_PRODUCT = YES;
			};
			name = Release;
		};
		4DB13FC41ABA98E100917375 /* Debug */ = {
			isa = XCBuildConfiguration;
			buildSettings = {
				ASSETCATALOG_COMPILER_APPICON_NAME = AppIcon;
				INFOPLIST_FILE = myApifilms/Info.plist;
				LD_RUNPATH_SEARCH_PATHS = "$(inherited) @executable_path/Frameworks";
				PRODUCT_NAME = "$(TARGET_NAME)";
			};
			name = Debug;
		};
		4DB13FC51ABA98E100917375 /* Release */ = {
			isa = XCBuildConfiguration;
			buildSettings = {
				ASSETCATALOG_COMPILER_APPICON_NAME = AppIcon;
				INFOPLIST_FILE = myApifilms/Info.plist;
				LD_RUNPATH_SEARCH_PATHS = "$(inherited) @executable_path/Frameworks";
				PRODUCT_NAME = "$(TARGET_NAME)";
			};
			name = Release;
		};
		4DB13FC71ABA98E100917375 /* Debug */ = {
			isa = XCBuildConfiguration;
			buildSettings = {
				BUNDLE_LOADER = "$(TEST_HOST)";
				FRAMEWORK_SEARCH_PATHS = (
					"$(SDKROOT)/Developer/Library/Frameworks",
					"$(inherited)",
				);
				GCC_PREPROCESSOR_DEFINITIONS = (
					"DEBUG=1",
					"$(inherited)",
				);
				INFOPLIST_FILE = myApifilmsTests/Info.plist;
				LD_RUNPATH_SEARCH_PATHS = "$(inherited) @executable_path/Frameworks @loader_path/Frameworks";
				PRODUCT_NAME = "$(TARGET_NAME)";
				TEST_HOST = "$(BUILT_PRODUCTS_DIR)/myApifilms.app/myApifilms";
			};
			name = Debug;
		};
		4DB13FC81ABA98E100917375 /* Release */ = {
			isa = XCBuildConfiguration;
			buildSettings = {
				BUNDLE_LOADER = "$(TEST_HOST)";
				FRAMEWORK_SEARCH_PATHS = (
					"$(SDKROOT)/Developer/Library/Frameworks",
					"$(inherited)",
				);
				INFOPLIST_FILE = myApifilmsTests/Info.plist;
				LD_RUNPATH_SEARCH_PATHS = "$(inherited) @executable_path/Frameworks @loader_path/Frameworks";
				PRODUCT_NAME = "$(TARGET_NAME)";
				TEST_HOST = "$(BUILT_PRODUCTS_DIR)/myApifilms.app/myApifilms";
			};
			name = Release;
		};
/* End XCBuildConfiguration section */

/* Begin XCConfigurationList section */
		4DB13F9B1ABA98E100917375 /* Build configuration list for PBXProject "myApifilms" */ = {
			isa = XCConfigurationList;
			buildConfigurations = (
				4DB13FC11ABA98E100917375 /* Debug */,
				4DB13FC21ABA98E100917375 /* Release */,
			);
			defaultConfigurationIsVisible = 0;
			defaultConfigurationName = Release;
		};
		4DB13FC31ABA98E100917375 /* Build configuration list for PBXNativeTarget "myApifilms" */ = {
			isa = XCConfigurationList;
			buildConfigurations = (
				4DB13FC41ABA98E100917375 /* Debug */,
				4DB13FC51ABA98E100917375 /* Release */,
			);
			defaultConfigurationIsVisible = 0;
			defaultConfigurationName = Release;
		};
		4DB13FC61ABA98E100917375 /* Build configuration list for PBXNativeTarget "myApifilmsTests" */ = {
			isa = XCConfigurationList;
			buildConfigurations = (
				4DB13FC71ABA98E100917375 /* Debug */,
				4DB13FC81ABA98E100917375 /* Release */,
			);
			defaultConfigurationIsVisible = 0;
			defaultConfigurationName = Release;
		};
/* End XCConfigurationList section */
	};
	rootObject = 4DB13F981ABA98E100917375 /* Project object */;
}
